
Microsoft Visual Studio Solution File, Format Version 12.00
# Visual Studio Version 16
VisualStudioVersion = 16.0.29102.190
MinimumVisualStudioVersion = 10.0.40219.1
Project("{9A19103F-16F7-4668-BE54-9A1E7A4F7556}") = "Spillman.Xamarin.Forms.ColorPicker", "ColorPicker\Spillman.Xamarin.Forms.ColorPicker.csproj", "{EDBDB2AD-6F9B-47EB-B108-755E7E206BD9}"
EndProject
Project("{9A19103F-16F7-4668-BE54-9A1E7A4F7556}") = "Example", "Example\Example\Example.csproj", "{B027A134-F307-43EA-A470-0F388BF2CD73}"
EndProject
Project("{FAE04EC0-301F-11D3-BF4B-00C04F79EFBC}") = "Example.Android", "Example\Example.Android\Example.Android.csproj", "{08E85361-EFA5-4100-AB18-C8B6E5CD7076}"
EndProject
Project("{FAE04EC0-301F-11D3-BF4B-00C04F79EFBC}") = "Example.iOS", "Example\Example.iOS\Example.iOS.csproj", "{D12FB93C-1C5E-4CA9-BF8D-AF74DE90EADB}"
EndProject
Project("{FAE04EC0-301F-11D3-BF4B-00C04F79EFBC}") = "Example.UWP", "Example\Example.UWP\Example.UWP.csproj", "{16D6F4BB-A633-4AEA-A028-A34D76838DE7}"
EndProject
Project("{2150E333-8FDC-42A3-9474-1A3956D46DE8}") = "AppExample", "AppExample", "{EF9C7413-D7E2-43F8-A7D1-75EDB1215F3A}"
EndProject
Global
	GlobalSection(SolutionConfigurationPlatforms) = preSolution
		Debug|Any CPU = Debug|Any CPU
		Debug|ARM = Debug|ARM
		Debug|iPhone = Debug|iPhone
		Debug|iPhoneSimulator = Debug|iPhoneSimulator
		Debug|x64 = Debug|x64
		Debug|x86 = Debug|x86
		Release|Any CPU = Release|Any CPU
		Release|ARM = Release|ARM
		Release|iPhone = Release|iPhone
		Release|iPhoneSimulator = Release|iPhoneSimulator
		Release|x64 = Release|x64
		Release|x86 = Release|x86
	EndGlobalSection
	GlobalSection(ProjectConfigurationPlatforms) = postSolution
		{EDBDB2AD-6F9B-47EB-B108-755E7E206BD9}.Debug|Any CPU.ActiveCfg = Debug|Any CPU
		{EDBDB2AD-6F9B-47EB-B108-755E7E206BD9}.Debug|Any CPU.Build.0 = Debug|Any CPU
		{EDBDB2AD-6F9B-47EB-B108-755E7E206BD9}.Debug|ARM.ActiveCfg = Debug|Any CPU
		{EDBDB2AD-6F9B-47EB-B108-755E7E206BD9}.Debug|ARM.Build.0 = Debug|Any CPU
		{EDBDB2AD-6F9B-47EB-B108-755E7E206BD9}.Debug|iPhone.ActiveCfg = Debug|Any CPU
		{EDBDB2AD-6F9B-47EB-B108-755E7E206BD9}.Debug|iPhone.Build.0 = Debug|Any CPU
		{EDBDB2AD-6F9B-47EB-B108-755E7E206BD9}.Debug|iPhoneSimulator.ActiveCfg = Debug|Any CPU
		{EDBDB2AD-6F9B-47EB-B108-755E7E206BD9}.Debug|iPhoneSimulator.Build.0 = Debug|Any CPU
		{EDBDB2AD-6F9B-47EB-B108-755E7E206BD9}.Debug|x64.ActiveCfg = Debug|Any CPU
		{EDBDB2AD-6F9B-47EB-B108-755E7E206BD9}.Debug|x64.Build.0 = Debug|Any CPU
		{EDBDB2AD-6F9B-47EB-B108-755E7E206BD9}.Debug|x86.ActiveCfg = Debug|Any CPU
		{EDBDB2AD-6F9B-47EB-B108-755E7E206BD9}.Debug|x86.Build.0 = Debug|Any CPU
		{EDBDB2AD-6F9B-47EB-B108-755E7E206BD9}.Release|Any CPU.ActiveCfg = Release|Any CPU
		{EDBDB2AD-6F9B-47EB-B108-755E7E206BD9}.Release|Any CPU.Build.0 = Release|Any CPU
		{EDBDB2AD-6F9B-47EB-B108-755E7E206BD9}.Release|ARM.ActiveCfg = Release|Any CPU
		{EDBDB2AD-6F9B-47EB-B108-755E7E206BD9}.Release|ARM.Build.0 = Release|Any CPU
		{EDBDB2AD-6F9B-47EB-B108-755E7E206BD9}.Release|iPhone.ActiveCfg = Release|Any CPU
		{EDBDB2AD-6F9B-47EB-B108-755E7E206BD9}.Release|iPhone.Build.0 = Release|Any CPU
		{EDBDB2AD-6F9B-47EB-B108-755E7E206BD9}.Release|iPhoneSimulator.ActiveCfg = Release|Any CPU
		{EDBDB2AD-6F9B-47EB-B108-755E7E206BD9}.Release|iPhoneSimulator.Build.0 = Release|Any CPU
		{EDBDB2AD-6F9B-47EB-B108-755E7E206BD9}.Release|x64.ActiveCfg = Release|Any CPU
		{EDBDB2AD-6F9B-47EB-B108-755E7E206BD9}.Release|x64.Build.0 = Release|Any CPU
		{EDBDB2AD-6F9B-47EB-B108-755E7E206BD9}.Release|x86.ActiveCfg = Release|Any CPU
		{EDBDB2AD-6F9B-47EB-B108-755E7E206BD9}.Release|x86.Build.0 = Release|Any CPU
		{B027A134-F307-43EA-A470-0F388BF2CD73}.Debug|Any CPU.ActiveCfg = Debug|Any CPU
		{B027A134-F307-43EA-A470-0F388BF2CD73}.Debug|Any CPU.Build.0 = Debug|Any CPU
		{B027A134-F307-43EA-A470-0F388BF2CD73}.Debug|ARM.ActiveCfg = Debug|Any CPU
		{B027A134-F307-43EA-A470-0F388BF2CD73}.Debug|ARM.Build.0 = Debug|Any CPU
		{B027A134-F307-43EA-A470-0F388BF2CD73}.Debug|iPhone.ActiveCfg = Debug|Any CPU
		{B027A134-F307-43EA-A470-0F388BF2CD73}.Debug|iPhone.Build.0 = Debug|Any CPU
		{B027A134-F307-43EA-A470-0F388BF2CD73}.Debug|iPhoneSimulator.ActiveCfg = Debug|Any CPU
		{B027A134-F307-43EA-A470-0F388BF2CD73}.Debug|iPhoneSimulator.Build.0 = Debug|Any CPU
		{B027A134-F307-43EA-A470-0F388BF2CD73}.Debug|x64.ActiveCfg = Debug|Any CPU
		{B027A134-F307-43EA-A470-0F388BF2CD73}.Debug|x64.Build.0 = Debug|Any CPU
		{B027A134-F307-43EA-A470-0F388BF2CD73}.Debug|x86.ActiveCfg = Debug|Any CPU
		{B027A134-F307-43EA-A470-0F388BF2CD73}.Debug|x86.Build.0 = Debug|Any CPU
		{B027A134-F307-43EA-A470-0F388BF2CD73}.Release|Any CPU.ActiveCfg = Release|Any CPU
		{B027A134-F307-43EA-A470-0F388BF2CD73}.Release|Any CPU.Build.0 = Release|Any CPU
		{B027A134-F307-43EA-A470-0F388BF2CD73}.Release|ARM.ActiveCfg = Release|Any CPU
		{B027A134-F307-43EA-A470-0F388BF2CD73}.Release|ARM.Build.0 = Release|Any CPU
		{B027A134-F307-43EA-A470-0F388BF2CD73}.Release|iPhone.ActiveCfg = Release|Any CPU
		{B027A134-F307-43EA-A470-0F388BF2CD73}.Release|iPhone.Build.0 = Release|Any CPU
		{B027A134-F307-43EA-A470-0F388BF2CD73}.Release|iPhoneSimulator.ActiveCfg = Release|Any CPU
		{B027A134-F307-43EA-A470-0F388BF2CD73}.Release|iPhoneSimulator.Build.0 = Release|Any CPU
		{B027A134-F307-43EA-A470-0F388BF2CD73}.Release|x64.ActiveCfg = Release|Any CPU
		{B027A134-F307-43EA-A470-0F388BF2CD73}.Release|x64.Build.0 = Release|Any CPU
		{B027A134-F307-43EA-A470-0F388BF2CD73}.Release|x86.ActiveCfg = Release|Any CPU
		{B027A134-F307-43EA-A470-0F388BF2CD73}.Release|x86.Build.0 = Release|Any CPU
		{08E85361-EFA5-4100-AB18-C8B6E5CD7076}.Debug|Any CPU.ActiveCfg = Debug|Any CPU
		{08E85361-EFA5-4100-AB18-C8B6E5CD7076}.Debug|Any CPU.Build.0 = Debug|Any CPU
		{08E85361-EFA5-4100-AB18-C8B6E5CD7076}.Debug|Any CPU.Deploy.0 = Debug|Any CPU
		{08E85361-EFA5-4100-AB18-C8B6E5CD7076}.Debug|ARM.ActiveCfg = Debug|Any CPU
		{08E85361-EFA5-4100-AB18-C8B6E5CD7076}.Debug|ARM.Build.0 = Debug|Any CPU
		{08E85361-EFA5-4100-AB18-C8B6E5CD7076}.Debug|ARM.Deploy.0 = Debug|Any CPU
		{08E85361-EFA5-4100-AB18-C8B6E5CD7076}.Debug|iPhone.ActiveCfg = Debug|Any CPU
		{08E85361-EFA5-4100-AB18-C8B6E5CD7076}.Debug|iPhone.Build.0 = Debug|Any CPU
		{08E85361-EFA5-4100-AB18-C8B6E5CD7076}.Debug|iPhone.Deploy.0 = Debug|Any CPU
		{08E85361-EFA5-4100-AB18-C8B6E5CD7076}.Debug|iPhoneSimulator.ActiveCfg = Debug|Any CPU
		{08E85361-EFA5-4100-AB18-C8B6E5CD7076}.Debug|iPhoneSimulator.Build.0 = Debug|Any CPU
		{08E85361-EFA5-4100-AB18-C8B6E5CD7076}.Debug|iPhoneSimulator.Deploy.0 = Debug|Any CPU
		{08E85361-EFA5-4100-AB18-C8B6E5CD7076}.Debug|x64.ActiveCfg = Debug|Any CPU
		{08E85361-EFA5-4100-AB18-C8B6E5CD7076}.Debug|x64.Build.0 = Debug|Any CPU
		{08E85361-EFA5-4100-AB18-C8B6E5CD7076}.Debug|x64.Deploy.0 = Debug|Any CPU
		{08E85361-EFA5-4100-AB18-C8B6E5CD7076}.Debug|x86.ActiveCfg = Debug|Any CPU
		{08E85361-EFA5-4100-AB18-C8B6E5CD7076}.Debug|x86.Build.0 = Debug|Any CPU
		{08E85361-EFA5-4100-AB18-C8B6E5CD7076}.Debug|x86.Deploy.0 = Debug|Any CPU
		{08E85361-EFA5-4100-AB18-C8B6E5CD7076}.Release|Any CPU.ActiveCfg = Release|Any CPU
		{08E85361-EFA5-4100-AB18-C8B6E5CD7076}.Release|Any CPU.Build.0 = Release|Any CPU
		{08E85361-EFA5-4100-AB18-C8B6E5CD7076}.Release|Any CPU.Deploy.0 = Release|Any CPU
		{08E85361-EFA5-4100-AB18-C8B6E5CD7076}.Release|ARM.ActiveCfg = Release|Any CPU
		{08E85361-EFA5-4100-AB18-C8B6E5CD7076}.Release|ARM.Build.0 = Release|Any CPU
		{08E85361-EFA5-4100-AB18-C8B6E5CD7076}.Release|ARM.Deploy.0 = Release|Any CPU
		{08E85361-EFA5-4100-AB18-C8B6E5CD7076}.Release|iPhone.ActiveCfg = Release|Any CPU
		{08E85361-EFA5-4100-AB18-C8B6E5CD7076}.Release|iPhone.Build.0 = Release|Any CPU
		{08E85361-EFA5-4100-AB18-C8B6E5CD7076}.Release|iPhone.Deploy.0 = Release|Any CPU
		{08E85361-EFA5-4100-AB18-C8B6E5CD7076}.Release|iPhoneSimulator.ActiveCfg = Release|Any CPU
		{08E85361-EFA5-4100-AB18-C8B6E5CD7076}.Release|iPhoneSimulator.Build.0 = Release|Any CPU
		{08E85361-EFA5-4100-AB18-C8B6E5CD7076}.Release|iPhoneSimulator.Deploy.0 = Release|Any CPU
		{08E85361-EFA5-4100-AB18-C8B6E5CD7076}.Release|x64.ActiveCfg = Release|Any CPU
		{08E85361-EFA5-4100-AB18-C8B6E5CD7076}.Release|x64.Build.0 = Release|Any CPU
		{08E85361-EFA5-4100-AB18-C8B6E5CD7076}.Release|x64.Deploy.0 = Release|Any CPU
		{08E85361-EFA5-4100-AB18-C8B6E5CD7076}.Release|x86.ActiveCfg = Release|Any CPU
		{08E85361-EFA5-4100-AB18-C8B6E5CD7076}.Release|x86.Build.0 = Release|Any CPU
		{08E85361-EFA5-4100-AB18-C8B6E5CD7076}.Release|x86.Deploy.0 = Release|Any CPU
		{D12FB93C-1C5E-4CA9-BF8D-AF74DE90EADB}.Debug|Any CPU.ActiveCfg = Debug|iPhone
		{D12FB93C-1C5E-4CA9-BF8D-AF74DE90EADB}.Debug|ARM.ActiveCfg = Debug|iPhone
		{D12FB93C-1C5E-4CA9-BF8D-AF74DE90EADB}.Debug|iPhone.ActiveCfg = Debug|iPhone
		{D12FB93C-1C5E-4CA9-BF8D-AF74DE90EADB}.Debug|iPhone.Build.0 = Debug|iPhone
		{D12FB93C-1C5E-4CA9-BF8D-AF74DE90EADB}.Debug|iPhoneSimulator.ActiveCfg = Debug|iPhoneSimulator
		{D12FB93C-1C5E-4CA9-BF8D-AF74DE90EADB}.Debug|iPhoneSimulator.Build.0 = Debug|iPhoneSimulator
		{D12FB93C-1C5E-4CA9-BF8D-AF74DE90EADB}.Debug|x64.ActiveCfg = Debug|iPhone
		{D12FB93C-1C5E-4CA9-BF8D-AF74DE90EADB}.Debug|x86.ActiveCfg = Debug|iPhone
		{D12FB93C-1C5E-4CA9-BF8D-AF74DE90EADB}.Release|Any CPU.ActiveCfg = Release|iPhone
		{D12FB93C-1C5E-4CA9-BF8D-AF74DE90EADB}.Release|ARM.ActiveCfg = Release|iPhone
		{D12FB93C-1C5E-4CA9-BF8D-AF74DE90EADB}.Release|iPhone.ActiveCfg = Release|iPhone
		{D12FB93C-1C5E-4CA9-BF8D-AF74DE90EADB}.Release|iPhone.Build.0 = Release|iPhone
		{D12FB93C-1C5E-4CA9-BF8D-AF74DE90EADB}.Release|iPhoneSimulator.ActiveCfg = Release|iPhoneSimulator
		{D12FB93C-1C5E-4CA9-BF8D-AF74DE90EADB}.Release|iPhoneSimulator.Build.0 = Release|iPhoneSimulator
		{D12FB93C-1C5E-4CA9-BF8D-AF74DE90EADB}.Release|x64.ActiveCfg = Release|iPhone
		{D12FB93C-1C5E-4CA9-BF8D-AF74DE90EADB}.Release|x86.ActiveCfg = Release|iPhone
		{16D6F4BB-A633-4AEA-A028-A34D76838DE7}.Debug|Any CPU.ActiveCfg = Debug|x86
		{16D6F4BB-A633-4AEA-A028-A34D76838DE7}.Debug|Any CPU.Deploy.0 = Debug|x86
		{16D6F4BB-A633-4AEA-A028-A34D76838DE7}.Debug|ARM.ActiveCfg = Debug|ARM
		{16D6F4BB-A633-4AEA-A028-A34D76838DE7}.Debug|ARM.Build.0 = Debug|ARM
		{16D6F4BB-A633-4AEA-A028-A34D76838DE7}.Debug|ARM.Deploy.0 = Debug|ARM
		{16D6F4BB-A633-4AEA-A028-A34D76838DE7}.Debug|iPhone.ActiveCfg = Debug|x86
		{16D6F4BB-A633-4AEA-A028-A34D76838DE7}.Debug|iPhoneSimulator.ActiveCfg = Debug|x86
		{16D6F4BB-A633-4AEA-A028-A34D76838DE7}.Debug|x64.ActiveCfg = Debug|x64
		{16D6F4BB-A633-4AEA-A028-A34D76838DE7}.Debug|x64.Build.0 = Debug|x64
		{16D6F4BB-A633-4AEA-A028-A34D76838DE7}.Debug|x64.Deploy.0 = Debug|x64
		{16D6F4BB-A633-4AEA-A028-A34D76838DE7}.Debug|x86.ActiveCfg = Debug|x86
		{16D6F4BB-A633-4AEA-A028-A34D76838DE7}.Debug|x86.Build.0 = Debug|x86
		{16D6F4BB-A633-4AEA-A028-A34D76838DE7}.Debug|x86.Deploy.0 = Debug|x86
		{16D6F4BB-A633-4AEA-A028-A34D76838DE7}.Release|Any CPU.ActiveCfg = Release|x86
		{16D6F4BB-A633-4AEA-A028-A34D76838DE7}.Release|ARM.ActiveCfg = Release|ARM
		{16D6F4BB-A633-4AEA-A028-A34D76838DE7}.Release|ARM.Build.0 = Release|ARM
		{16D6F4BB-A633-4AEA-A028-A34D76838DE7}.Release|ARM.Deploy.0 = Release|ARM
		{16D6F4BB-A633-4AEA-A028-A34D76838DE7}.Release|iPhone.ActiveCfg = Release|x86
		{16D6F4BB-A633-4AEA-A028-A34D76838DE7}.Release|iPhoneSimulator.ActiveCfg = Release|x86
		{16D6F4BB-A633-4AEA-A028-A34D76838DE7}.Release|x64.ActiveCfg = Release|x64
		{16D6F4BB-A633-4AEA-A028-A34D76838DE7}.Release|x64.Build.0 = Release|x64
		{16D6F4BB-A633-4AEA-A028-A34D76838DE7}.Release|x64.Deploy.0 = Release|x64
		{16D6F4BB-A633-4AEA-A028-A34D76838DE7}.Release|x86.ActiveCfg = Release|x86
		{16D6F4BB-A633-4AEA-A028-A34D76838DE7}.Release|x86.Build.0 = Release|x86
		{16D6F4BB-A633-4AEA-A028-A34D76838DE7}.Release|x86.Deploy.0 = Release|x86
	EndGlobalSection
	GlobalSection(SolutionProperties) = preSolution
		HideSolutionNode = FALSE
	EndGlobalSection
	GlobalSection(NestedProjects) = preSolution
		{B027A134-F307-43EA-A470-0F388BF2CD73} = {EF9C7413-D7E2-43F8-A7D1-75EDB1215F3A}
		{08E85361-EFA5-4100-AB18-C8B6E5CD7076} = {EF9C7413-D7E2-43F8-A7D1-75EDB1215F3A}
		{D12FB93C-1C5E-4CA9-BF8D-AF74DE90EADB} = {EF9C7413-D7E2-43F8-A7D1-75EDB1215F3A}
		{16D6F4BB-A633-4AEA-A028-A34D76838DE7} = {EF9C7413-D7E2-43F8-A7D1-75EDB1215F3A}
	EndGlobalSection
	GlobalSection(ExtensibilityGlobals) = postSolution
		SolutionGuid = {B8DD75F3-723C-4693-8809-4BD2F67ED2ED}
	EndGlobalSection
EndGlobal
