
Microsoft Visual Studio Solution File, Format Version 12.00
# Visual Studio Version 16
VisualStudioVersion = 16.0.29102.190
MinimumVisualStudioVersion = 10.0.40219.1
Project("{FAE04EC0-301F-11D3-BF4B-00C04F79EFBC}") = "Spillman.Xamarin.Forms.ColorPicker", "Spillman.Xamarin.Forms.ColorPicker.csproj", "{460FAB85-E582-4CEF-83EC-F69276D25FF2}"
EndProject
Global
	GlobalSection(SolutionConfigurationPlatforms) = preSolution
		Debug|Any CPU = Debug|Any CPU
		Release|Any CPU = Release|Any CPU
	EndGlobalSection
	GlobalSection(ProjectConfigurationPlatforms) = postSolution
		{460FAB85-E582-4CEF-83EC-F69276D25FF2}.Debug|Any CPU.ActiveCfg = Debug|Any CPU
		{460FAB85-E582-4CEF-83EC-F69276D25FF2}.Debug|Any CPU.Build.0 = Debug|Any CPU
		{460FAB85-E582-4CEF-83EC-F69276D25FF2}.Release|Any CPU.ActiveCfg = Release|Any CPU
		{460FAB85-E582-4CEF-83EC-F69276D25FF2}.Release|Any CPU.Build.0 = Release|Any CPU
	EndGlobalSection
	GlobalSection(SolutionProperties) = preSolution
		HideSolutionNode = FALSE
	EndGlobalSection
	GlobalSection(ExtensibilityGlobals) = postSolution
		SolutionGuid = {B8DD75F3-723C-4693-8809-4BD2F67ED2ED}
	EndGlobalSection
EndGlobal
